
Microsoft Visual Studio Solution File, Format Version 12.00
# Visual Studio 15
Project("{FAE04EC0-301F-11D3-BF4B-00C04F79EFBC}") = "Unity.XR.Interaction.Toolkit.Samples.StarterAssets", "Unity.XR.Interaction.Toolkit.Samples.StarterAssets.csproj", "{315BBC02-31C8-5ADD-83C3-B2B7184A81D3}"
EndProject
Project("{FAE04EC0-301F-11D3-BF4B-00C04F79EFBC}") = "Unity.XR.Interaction.Toolkit.Samples.DeviceSimulator", "Unity.XR.Interaction.Toolkit.Samples.DeviceSimulator.csproj", "{33C918FF-70B7-2119-B4BE-B2EF97AB143F}"
EndProject
Project("{FAE04EC0-301F-11D3-BF4B-00C04F79EFBC}") = "Unity.XR.Hands.Samples.VisualizerSample", "Unity.XR.Hands.Samples.VisualizerSample.csproj", "{BAA20F35-6560-9DC3-A677-C23E88FF202E}"
EndProject
Project("{FAE04EC0-301F-11D3-BF4B-00C04F79EFBC}") = "Unity.XR.Interaction.Toolkit.Samples.StarterAssets.Editor", "Unity.XR.Interaction.Toolkit.Samples.StarterAssets.Editor.csproj", "{ED4AD27C-240C-9F46-55D7-46E64F21F243}"
EndProject
Global
	GlobalSection(SolutionConfigurationPlatforms) = preSolution
		Debug|Any CPU = Debug|Any CPU
		Release|Any CPU = Release|Any CPU
	EndGlobalSection
	GlobalSection(ProjectConfigurationPlatforms) = postSolution
		{315BBC02-31C8-5ADD-83C3-B2B7184A81D3}.Debug|Any CPU.ActiveCfg = Debug|Any CPU
		{315BBC02-31C8-5ADD-83C3-B2B7184A81D3}.Debug|Any CPU.Build.0 = Debug|Any CPU
		{315BBC02-31C8-5ADD-83C3-B2B7184A81D3}.Release|Any CPU.ActiveCfg = Release|Any CPU
		{315BBC02-31C8-5ADD-83C3-B2B7184A81D3}.Release|Any CPU.Build.0 = Release|Any CPU
		{33C918FF-70B7-2119-B4BE-B2EF97AB143F}.Debug|Any CPU.ActiveCfg = Debug|Any CPU
		{33C918FF-70B7-2119-B4BE-B2EF97AB143F}.Debug|Any CPU.Build.0 = Debug|Any CPU
		{33C918FF-70B7-2119-B4BE-B2EF97AB143F}.Release|Any CPU.ActiveCfg = Release|Any CPU
		{33C918FF-70B7-2119-B4BE-B2EF97AB143F}.Release|Any CPU.Build.0 = Release|Any CPU
		{BAA20F35-6560-9DC3-A677-C23E88FF202E}.Debug|Any CPU.ActiveCfg = Debug|Any CPU
		{BAA20F35-6560-9DC3-A677-C23E88FF202E}.Debug|Any CPU.Build.0 = Debug|Any CPU
		{BAA20F35-6560-9DC3-A677-C23E88FF202E}.Release|Any CPU.ActiveCfg = Release|Any CPU
		{BAA20F35-6560-9DC3-A677-C23E88FF202E}.Release|Any CPU.Build.0 = Release|Any CPU
		{ED4AD27C-240C-9F46-55D7-46E64F21F243}.Debug|Any CPU.ActiveCfg = Debug|Any CPU
		{ED4AD27C-240C-9F46-55D7-46E64F21F243}.Debug|Any CPU.Build.0 = Debug|Any CPU
		{ED4AD27C-240C-9F46-55D7-46E64F21F243}.Release|Any CPU.ActiveCfg = Release|Any CPU
		{ED4AD27C-240C-9F46-55D7-46E64F21F243}.Release|Any CPU.Build.0 = Release|Any CPU
	EndGlobalSection
	GlobalSection(SolutionProperties) = preSolution
		HideSolutionNode = FALSE
	EndGlobalSection
EndGlobal
